
Microsoft Visual Studio Solution File, Format Version 12.00
# Visual Studio Version 17
VisualStudioVersion = 17.10.34916.146
MinimumVisualStudioVersion = 10.0.40219.1
Project("{FAE04EC0-301F-11D3-BF4B-00C04F79EFBC}") = "BOS", "BOS\BOS.csproj", "{5C4201A4-7AFB-49D8-BB1F-434D7C79E64A}"
EndProject
Global
	GlobalSection(SolutionConfigurationPlatforms) = preSolution
		Debug|Any CPU = Debug|Any CPU
		Release|Any CPU = Release|Any CPU
	EndGlobalSection
	GlobalSection(ProjectConfigurationPlatforms) = postSolution
		{5C4201A4-7AFB-49D8-BB1F-434D7C79E64A}.Debug|Any CPU.ActiveCfg = Debug|Any CPU
		{5C4201A4-7AFB-49D8-BB1F-434D7C79E64A}.Debug|Any CPU.Build.0 = Debug|Any CPU
		{5C4201A4-7AFB-49D8-BB1F-434D7C79E64A}.Release|Any CPU.ActiveCfg = Release|Any CPU
		{5C4201A4-7AFB-49D8-BB1F-434D7C79E64A}.Release|Any CPU.Build.0 = Release|Any CPU
	EndGlobalSection
	GlobalSection(SolutionProperties) = preSolution
		HideSolutionNode = FALSE
	EndGlobalSection
	GlobalSection(ExtensibilityGlobals) = postSolution
		SolutionGuid = {094EDEBC-F8EE-4D3F-BFD9-D659E872A0F4}
	EndGlobalSection
EndGlobal
